// !$*UTF8*$!
{
	archiveVersion = 1;
	classes = {
	};
	objectVersion = 77;
	objects = {

/* Begin PBXBuildFile section */
		15183DED2E96EF18001CFCF9 /* CoreGPX in Frameworks */ = {isa = PBXBuildFile; productRef = 15183DEC2E96EF18001CFCF9 /* CoreGPX */; };
		158A5A8E2DF7495800D003C2 /* Auth in Frameworks */ = {isa = PBXBuildFile; productRef = 158A5A8D2DF7495800D003C2 /* Auth */; };
		158A5A902DF7495800D003C2 /* Functions in Frameworks */ = {isa = PBXBuildFile; productRef = 158A5A8F2DF7495800D003C2 /* Functions */; };
		158A5A922DF7495800D003C2 /* PostgREST in Frameworks */ = {isa = PBXBuildFile; productRef = 158A5A912DF7495800D003C2 /* PostgREST */; };
		158A5A942DF7495800D003C2 /* Realtime in Frameworks */ = {isa = PBXBuildFile; productRef = 158A5A932DF7495800D003C2 /* Realtime */; };
		158A5A962DF7495800D003C2 /* Storage in Frameworks */ = {isa = PBXBuildFile; productRef = 158A5A952DF7495800D003C2 /* Storage */; };
		158A5A992DF749F000D003C2 /* Supabase in Frameworks */ = {isa = PBXBuildFile; productRef = 158A5A982DF749F000D003C2 /* Supabase */; };
		158A5A9C2DF74A7400D003C2 /* KeychainAccess in Frameworks */ = {isa = PBXBuildFile; productRef = 158A5A9B2DF74A7400D003C2 /* KeychainAccess */; };
		158A5AB12DF7555600D003C2 /* .gitignore in Resources */ = {isa = PBXBuildFile; fileRef = 158A5AB02DF7554D00D003C2 /* .gitignore */; };
/* End PBXBuildFile section */

/* Begin PBXFileReference section */
		15635EB22DF62DA900DE97E5 /* HDMV.app */ = {isa = PBXFileReference; explicitFileType = wrapper.application; includeInIndex = 0; path = HDMV.app; sourceTree = BUILT_PRODUCTS_DIR; };
		158A5AB02DF7554D00D003C2 /* .gitignore */ = {isa = PBXFileReference; lastKnownFileType = text; path = .gitignore; sourceTree = "<group>"; };
		158A5AB92DF7567300D003C2 /* Debug.xconfig */ = {isa = PBXFileReference; lastKnownFileType = text; path = Debug.xconfig; sourceTree = "<group>"; };
		158A5ABA2DF7567300D003C2 /* Release.xconfig */ = {isa = PBXFileReference; lastKnownFileType = text; path = Release.xconfig; sourceTree = "<group>"; };
		158A5ABE2DF756A100D003C2 /* Debug.xconfig */ = {isa = PBXFileReference; lastKnownFileType = text; path = Debug.xconfig; sourceTree = "<group>"; };
		158A5ABF2DF756A100D003C2 /* Release.xconfig */ = {isa = PBXFileReference; lastKnownFileType = text; path = Release.xconfig; sourceTree = "<group>"; };
/* End PBXFileReference section */

/* Begin PBXFileSystemSynchronizedBuildFileExceptionSet section */
		158A5AC42DF75A1F00D003C2 /* Exceptions for "HDMV" folder in "HDMV" target */ = {
			isa = PBXFileSystemSynchronizedBuildFileExceptionSet;
			membershipExceptions = (
				Config/Debug.xconfig,
				Config/Release.xconfig,
				Info.plist,
			);
			target = 15635EB12DF62DA900DE97E5 /* HDMV */;
		};
/* End PBXFileSystemSynchronizedBuildFileExceptionSet section */

/* Begin PBXFileSystemSynchronizedRootGroup section */
		15635EB42DF62DA900DE97E5 /* HDMV */ = {
			isa = PBXFileSystemSynchronizedRootGroup;
			exceptions = (
				158A5AC42DF75A1F00D003C2 /* Exceptions for "HDMV" folder in "HDMV" target */,
			);
			explicitFileTypes = {
				Config/Debug.xconfig = text.xcconfig;
				Config/Release.xconfig = text.xcconfig;
			};
			path = HDMV;
			sourceTree = "<group>";
		};
/* End PBXFileSystemSynchronizedRootGroup section */

/* Begin PBXFrameworksBuildPhase section */
		15635EAF2DF62DA900DE97E5 /* Frameworks */ = {
			isa = PBXFrameworksBuildPhase;
			buildActionMask = 2147483647;
			files = (
				158A5A922DF7495800D003C2 /* PostgREST in Frameworks */,
				158A5A902DF7495800D003C2 /* Functions in Frameworks */,
				158A5A9C2DF74A7400D003C2 /* KeychainAccess in Frameworks */,
				158A5A992DF749F000D003C2 /* Supabase in Frameworks */,
				158A5A8E2DF7495800D003C2 /* Auth in Frameworks */,
				158A5A962DF7495800D003C2 /* Storage in Frameworks */,
				158A5A942DF7495800D003C2 /* Realtime in Frameworks */,
				15183DED2E96EF18001CFCF9 /* CoreGPX in Frameworks */,
			);
			runOnlyForDeploymentPostprocessing = 0;
		};
/* End PBXFrameworksBuildPhase section */

/* Begin PBXGroup section */
		15635EA92DF62DA900DE97E5 = {
			isa = PBXGroup;
			children = (
				158A5AB02DF7554D00D003C2 /* .gitignore */,
				15635EB42DF62DA900DE97E5 /* HDMV */,
				158A5A972DF749F000D003C2 /* Frameworks */,
				15635EB32DF62DA900DE97E5 /* Products */,
				158A5ABB2DF7567300D003C2 /* Config */,
				158A5AC02DF756A100D003C2 /* Config */,
			);
			sourceTree = "<group>";
		};
		15635EB32DF62DA900DE97E5 /* Products */ = {
			isa = PBXGroup;
			children = (
				15635EB22DF62DA900DE97E5 /* HDMV.app */,
			);
			name = Products;
			sourceTree = "<group>";
		};
		158A5A972DF749F000D003C2 /* Frameworks */ = {
			isa = PBXGroup;
			children = (
			);
			name = Frameworks;
			sourceTree = "<group>";
		};
		158A5ABB2DF7567300D003C2 /* Config */ = {
			isa = PBXGroup;
			children = (
				158A5AB92DF7567300D003C2 /* Debug.xconfig */,
				158A5ABA2DF7567300D003C2 /* Release.xconfig */,
			);
			path = Config;
			sourceTree = "<group>";
		};
		158A5AC02DF756A100D003C2 /* Config */ = {
			isa = PBXGroup;
			children = (
				158A5ABE2DF756A100D003C2 /* Debug.xconfig */,
				158A5ABF2DF756A100D003C2 /* Release.xconfig */,
			);
			path = Config;
			sourceTree = "<group>";
		};
/* End PBXGroup section */

/* Begin PBXNativeTarget section */
		15635EB12DF62DA900DE97E5 /* HDMV */ = {
			isa = PBXNativeTarget;
			buildConfigurationList = 15635EBF2DF62DAA00DE97E5 /* Build configuration list for PBXNativeTarget "HDMV" */;
			buildPhases = (
				15635EAE2DF62DA900DE97E5 /* Sources */,
				15635EAF2DF62DA900DE97E5 /* Frameworks */,
				15635EB02DF62DA900DE97E5 /* Resources */,
			);
			buildRules = (
			);
			dependencies = (
			);
			fileSystemSynchronizedGroups = (
				15635EB42DF62DA900DE97E5 /* HDMV */,
			);
			name = HDMV;
			packageProductDependencies = (
				158A5A8D2DF7495800D003C2 /* Auth */,
				158A5A8F2DF7495800D003C2 /* Functions */,
				158A5A912DF7495800D003C2 /* PostgREST */,
				158A5A932DF7495800D003C2 /* Realtime */,
				158A5A952DF7495800D003C2 /* Storage */,
				158A5A982DF749F000D003C2 /* Supabase */,
				158A5A9B2DF74A7400D003C2 /* KeychainAccess */,
				15183DEC2E96EF18001CFCF9 /* CoreGPX */,
			);
			productName = HDMV;
			productReference = 15635EB22DF62DA900DE97E5 /* HDMV.app */;
			productType = "com.apple.product-type.application";
		};
/* End PBXNativeTarget section */

/* Begin PBXProject section */
		15635EAA2DF62DA900DE97E5 /* Project object */ = {
			isa = PBXProject;
			attributes = {
				BuildIndependentTargetsInParallel = 1;
				LastSwiftUpdateCheck = 1630;
				LastUpgradeCheck = 1640;
				TargetAttributes = {
					15635EB12DF62DA900DE97E5 = {
						CreatedOnToolsVersion = 16.3;
					};
				};
			};
			buildConfigurationList = 15635EAD2DF62DA900DE97E5 /* Build configuration list for PBXProject "HDMV" */;
			developmentRegion = en;
			hasScannedForEncodings = 0;
			knownRegions = (
				en,
				Base,
			);
			mainGroup = 15635EA92DF62DA900DE97E5;
			minimizedProjectReferenceProxies = 1;
			packageReferences = (
				158A5A8C2DF7495800D003C2 /* XCRemoteSwiftPackageReference "supabase-swift" */,
				158A5A9A2DF74A7400D003C2 /* XCRemoteSwiftPackageReference "KeychainAccess" */,
				15183DEB2E96EF18001CFCF9 /* XCRemoteSwiftPackageReference "CoreGPX" */,
			);
			preferredProjectObjectVersion = 77;
			productRefGroup = 15635EB32DF62DA900DE97E5 /* Products */;
			projectDirPath = "";
			projectRoot = "";
			targets = (
				15635EB12DF62DA900DE97E5 /* HDMV */,
			);
		};
/* End PBXProject section */

/* Begin PBXResourcesBuildPhase section */
		15635EB02DF62DA900DE97E5 /* Resources */ = {
			isa = PBXResourcesBuildPhase;
			buildActionMask = 2147483647;
			files = (
				158A5AB12DF7555600D003C2 /* .gitignore in Resources */,
			);
			runOnlyForDeploymentPostprocessing = 0;
		};
/* End PBXResourcesBuildPhase section */

/* Begin PBXSourcesBuildPhase section */
		15635EAE2DF62DA900DE97E5 /* Sources */ = {
			isa = PBXSourcesBuildPhase;
			buildActionMask = 2147483647;
			files = (
			);
			runOnlyForDeploymentPostprocessing = 0;
		};
/* End PBXSourcesBuildPhase section */

/* Begin XCBuildConfiguration section */
		15635EBD2DF62DAA00DE97E5 /* Debug */ = {
			isa = XCBuildConfiguration;
			buildSettings = {
				ALWAYS_SEARCH_USER_PATHS = NO;
				ASSETCATALOG_COMPILER_GENERATE_SWIFT_ASSET_SYMBOL_EXTENSIONS = YES;
				CLANG_ANALYZER_NONNULL = YES;
				CLANG_ANALYZER_NUMBER_OBJECT_CONVERSION = YES_AGGRESSIVE;
				CLANG_CXX_LANGUAGE_STANDARD = "gnu++20";
				CLANG_ENABLE_MODULES = YES;
				CLANG_ENABLE_OBJC_ARC = YES;
				CLANG_ENABLE_OBJC_WEAK = YES;
				CLANG_WARN_BLOCK_CAPTURE_AUTORELEASING = YES;
				CLANG_WARN_BOOL_CONVERSION = YES;
				CLANG_WARN_COMMA = YES;
				CLANG_WARN_CONSTANT_CONVERSION = YES;
				CLANG_WARN_DEPRECATED_OBJC_IMPLEMENTATIONS = YES;
				CLANG_WARN_DIRECT_OBJC_ISA_USAGE = YES_ERROR;
				CLANG_WARN_DOCUMENTATION_COMMENTS = YES;
				CLANG_WARN_EMPTY_BODY = YES;
				CLANG_WARN_ENUM_CONVERSION = YES;
				CLANG_WARN_INFINITE_RECURSION = YES;
				CLANG_WARN_INT_CONVERSION = YES;
				CLANG_WARN_NON_LITERAL_NULL_CONVERSION = YES;
				CLANG_WARN_OBJC_IMPLICIT_RETAIN_SELF = YES;
				CLANG_WARN_OBJC_LITERAL_CONVERSION = YES;
				CLANG_WARN_OBJC_ROOT_CLASS = YES_ERROR;
				CLANG_WARN_QUOTED_INCLUDE_IN_FRAMEWORK_HEADER = YES;
				CLANG_WARN_RANGE_LOOP_ANALYSIS = YES;
				CLANG_WARN_STRICT_PROTOTYPES = YES;
				CLANG_WARN_SUSPICIOUS_MOVE = YES;
				CLANG_WARN_UNGUARDED_AVAILABILITY = YES_AGGRESSIVE;
				CLANG_WARN_UNREACHABLE_CODE = YES;
				CLANG_WARN__DUPLICATE_METHOD_MATCH = YES;
				COPY_PHASE_STRIP = NO;
				DEBUG_INFORMATION_FORMAT = dwarf;
				DEVELOPMENT_TEAM = 979NXT9479;
				ENABLE_STRICT_OBJC_MSGSEND = YES;
				ENABLE_TESTABILITY = YES;
				ENABLE_USER_SCRIPT_SANDBOXING = YES;
				GCC_C_LANGUAGE_STANDARD = gnu17;
				GCC_DYNAMIC_NO_PIC = NO;
				GCC_NO_COMMON_BLOCKS = YES;
				GCC_OPTIMIZATION_LEVEL = 0;
				GCC_PREPROCESSOR_DEFINITIONS = (
					"DEBUG=1",
					"$(inherited)",
				);
				GCC_WARN_64_TO_32_BIT_CONVERSION = YES;
				GCC_WARN_ABOUT_RETURN_TYPE = YES_ERROR;
				GCC_WARN_UNDECLARED_SELECTOR = YES;
				GCC_WARN_UNINITIALIZED_AUTOS = YES_AGGRESSIVE;
				GCC_WARN_UNUSED_FUNCTION = YES;
				GCC_WARN_UNUSED_VARIABLE = YES;
				IPHONEOS_DEPLOYMENT_TARGET = 18.4;
				LOCALIZATION_PREFERS_STRING_CATALOGS = YES;
				MTL_ENABLE_DEBUG_INFO = INCLUDE_SOURCE;
				MTL_FAST_MATH = YES;
				ONLY_ACTIVE_ARCH = YES;
				SDKROOT = iphoneos;
				SWIFT_ACTIVE_COMPILATION_CONDITIONS = "DEBUG $(inherited)";
				SWIFT_OPTIMIZATION_LEVEL = "-Onone";
			};
			name = Debug;
		};
		15635EBE2DF62DAA00DE97E5 /* Release */ = {
			isa = XCBuildConfiguration;
			buildSettings = {
				ALWAYS_SEARCH_USER_PATHS = NO;
				ASSETCATALOG_COMPILER_GENERATE_SWIFT_ASSET_SYMBOL_EXTENSIONS = YES;
				CLANG_ANALYZER_NONNULL = YES;
				CLANG_ANALYZER_NUMBER_OBJECT_CONVERSION = YES_AGGRESSIVE;
				CLANG_CXX_LANGUAGE_STANDARD = "gnu++20";
				CLANG_ENABLE_MODULES = YES;
				CLANG_ENABLE_OBJC_ARC = YES;
				CLANG_ENABLE_OBJC_WEAK = YES;
				CLANG_WARN_BLOCK_CAPTURE_AUTORELEASING = YES;
				CLANG_WARN_BOOL_CONVERSION = YES;
				CLANG_WARN_COMMA = YES;
				CLANG_WARN_CONSTANT_CONVERSION = YES;
				CLANG_WARN_DEPRECATED_OBJC_IMPLEMENTATIONS = YES;
				CLANG_WARN_DIRECT_OBJC_ISA_USAGE = YES_ERROR;
				CLANG_WARN_DOCUMENTATION_COMMENTS = YES;
				CLANG_WARN_EMPTY_BODY = YES;
				CLANG_WARN_ENUM_CONVERSION = YES;
				CLANG_WARN_INFINITE_RECURSION = YES;
				CLANG_WARN_INT_CONVERSION = YES;
				CLANG_WARN_NON_LITERAL_NULL_CONVERSION = YES;
				CLANG_WARN_OBJC_IMPLICIT_RETAIN_SELF = YES;
				CLANG_WARN_OBJC_LITERAL_CONVERSION = YES;
				CLANG_WARN_OBJC_ROOT_CLASS = YES_ERROR;
				CLANG_WARN_QUOTED_INCLUDE_IN_FRAMEWORK_HEADER = YES;
				CLANG_WARN_RANGE_LOOP_ANALYSIS = YES;
				CLANG_WARN_STRICT_PROTOTYPES = YES;
				CLANG_WARN_SUSPICIOUS_MOVE = YES;
				CLANG_WARN_UNGUARDED_AVAILABILITY = YES_AGGRESSIVE;
				CLANG_WARN_UNREACHABLE_CODE = YES;
				CLANG_WARN__DUPLICATE_METHOD_MATCH = YES;
				COPY_PHASE_STRIP = NO;
				DEBUG_INFORMATION_FORMAT = "dwarf-with-dsym";
				DEVELOPMENT_TEAM = 979NXT9479;
				ENABLE_NS_ASSERTIONS = NO;
				ENABLE_STRICT_OBJC_MSGSEND = YES;
				ENABLE_USER_SCRIPT_SANDBOXING = YES;
				GCC_C_LANGUAGE_STANDARD = gnu17;
				GCC_NO_COMMON_BLOCKS = YES;
				GCC_WARN_64_TO_32_BIT_CONVERSION = YES;
				GCC_WARN_ABOUT_RETURN_TYPE = YES_ERROR;
				GCC_WARN_UNDECLARED_SELECTOR = YES;
				GCC_WARN_UNINITIALIZED_AUTOS = YES_AGGRESSIVE;
				GCC_WARN_UNUSED_FUNCTION = YES;
				GCC_WARN_UNUSED_VARIABLE = YES;
				IPHONEOS_DEPLOYMENT_TARGET = 18.4;
				LOCALIZATION_PREFERS_STRING_CATALOGS = YES;
				MTL_ENABLE_DEBUG_INFO = NO;
				MTL_FAST_MATH = YES;
				SDKROOT = iphoneos;
				SWIFT_COMPILATION_MODE = wholemodule;
				VALIDATE_PRODUCT = YES;
			};
			name = Release;
		};
		15635EC02DF62DAA00DE97E5 /* Debug */ = {
			isa = XCBuildConfiguration;
			baseConfigurationReferenceAnchor = 15635EB42DF62DA900DE97E5 /* HDMV */;
			baseConfigurationReferenceRelativePath = Config/Debug.xconfig;
			buildSettings = {
				ASSETCATALOG_COMPILER_APPICON_NAME = AppIcon;
				ASSETCATALOG_COMPILER_GLOBAL_ACCENT_COLOR_NAME = AccentColor;
				CODE_SIGN_STYLE = Automatic;
				CURRENT_PROJECT_VERSION = 1;
				DEVELOPMENT_TEAM = 979NXT9479;
				ENABLE_PREVIEWS = YES;
				GENERATE_INFOPLIST_FILE = YES;
				INFOPLIST_FILE = HDMV/Info.plist;
				INFOPLIST_KEY_CFBundleDisplayName = HDMV;
				INFOPLIST_KEY_LSApplicationCategoryType = "public.app-category.lifestyle";
				INFOPLIST_KEY_UIApplicationSceneManifest_Generation = YES;
				INFOPLIST_KEY_UIApplicationSupportsIndirectInputEvents = YES;
				INFOPLIST_KEY_UILaunchScreen_Generation = YES;
				INFOPLIST_KEY_UIStatusBarStyle = "";
				INFOPLIST_KEY_UISupportedInterfaceOrientations_iPad = "UIInterfaceOrientationPortrait UIInterfaceOrientationPortraitUpsideDown UIInterfaceOrientationLandscapeLeft UIInterfaceOrientationLandscapeRight";
				INFOPLIST_KEY_UISupportedInterfaceOrientations_iPhone = "UIInterfaceOrientationPortrait UIInterfaceOrientationLandscapeLeft UIInterfaceOrientationLandscapeRight";
				IPHONEOS_DEPLOYMENT_TARGET = 26.0;
				LD_RUNPATH_SEARCH_PATHS = (
					"$(inherited)",
					"@executable_path/Frameworks",
				);
				MACOSX_DEPLOYMENT_TARGET = 26.0;
				MARKETING_VERSION = 1.0;
				PRODUCT_BUNDLE_IDENTIFIER = name.demael.HDMV;
				PRODUCT_NAME = "$(TARGET_NAME)";
				SWIFT_EMIT_LOC_STRINGS = YES;
				SWIFT_VERSION = 5.0;
				TARGETED_DEVICE_FAMILY = "1,2";
			};
			name = Debug;
		};
		15635EC12DF62DAA00DE97E5 /* Release */ = {
			isa = XCBuildConfiguration;
			baseConfigurationReferenceAnchor = 15635EB42DF62DA900DE97E5 /* HDMV */;
			baseConfigurationReferenceRelativePath = Config/Release.xconfig;
			buildSettings = {
				ASSETCATALOG_COMPILER_APPICON_NAME = AppIcon;
				ASSETCATALOG_COMPILER_GLOBAL_ACCENT_COLOR_NAME = AccentColor;
				CODE_SIGN_STYLE = Automatic;
				CURRENT_PROJECT_VERSION = 1;
				DEVELOPMENT_TEAM = 979NXT9479;
				ENABLE_PREVIEWS = YES;
				GENERATE_INFOPLIST_FILE = YES;
				INFOPLIST_FILE = HDMV/Info.plist;
				INFOPLIST_KEY_CFBundleDisplayName = HDMV;
				INFOPLIST_KEY_LSApplicationCategoryType = "public.app-category.lifestyle";
				INFOPLIST_KEY_UIApplicationSceneManifest_Generation = YES;
				INFOPLIST_KEY_UIApplicationSupportsIndirectInputEvents = YES;
				INFOPLIST_KEY_UILaunchScreen_Generation = YES;
				INFOPLIST_KEY_UIStatusBarStyle = "";
				INFOPLIST_KEY_UISupportedInterfaceOrientations_iPad = "UIInterfaceOrientationPortrait UIInterfaceOrientationPortraitUpsideDown UIInterfaceOrientationLandscapeLeft UIInterfaceOrientationLandscapeRight";
				INFOPLIST_KEY_UISupportedInterfaceOrientations_iPhone = "UIInterfaceOrientationPortrait UIInterfaceOrientationLandscapeLeft UIInterfaceOrientationLandscapeRight";
				IPHONEOS_DEPLOYMENT_TARGET = 26.0;
				LD_RUNPATH_SEARCH_PATHS = (
					"$(inherited)",
					"@executable_path/Frameworks",
				);
				MACOSX_DEPLOYMENT_TARGET = 26.0;
				MARKETING_VERSION = 1.0;
				PRODUCT_BUNDLE_IDENTIFIER = name.demael.HDMV;
				PRODUCT_NAME = "$(TARGET_NAME)";
				SWIFT_EMIT_LOC_STRINGS = YES;
				SWIFT_VERSION = 5.0;
				TARGETED_DEVICE_FAMILY = "1,2";
			};
			name = Release;
		};
/* End XCBuildConfiguration section */

/* Begin XCConfigurationList section */
		15635EAD2DF62DA900DE97E5 /* Build configuration list for PBXProject "HDMV" */ = {
			isa = XCConfigurationList;
			buildConfigurations = (
				15635EBD2DF62DAA00DE97E5 /* Debug */,
				15635EBE2DF62DAA00DE97E5 /* Release */,
			);
			defaultConfigurationIsVisible = 0;
			defaultConfigurationName = Release;
		};
		15635EBF2DF62DAA00DE97E5 /* Build configuration list for PBXNativeTarget "HDMV" */ = {
			isa = XCConfigurationList;
			buildConfigurations = (
				15635EC02DF62DAA00DE97E5 /* Debug */,
				15635EC12DF62DAA00DE97E5 /* Release */,
			);
			defaultConfigurationIsVisible = 0;
			defaultConfigurationName = Release;
		};
/* End XCConfigurationList section */

/* Begin XCRemoteSwiftPackageReference section */
		15183DEB2E96EF18001CFCF9 /* XCRemoteSwiftPackageReference "CoreGPX" */ = {
			isa = XCRemoteSwiftPackageReference;
			repositoryURL = "https://github.com/vincentneo/CoreGPX";
			requirement = {
				kind = upToNextMajorVersion;
				minimumVersion = 0.9.3;
			};
		};
		158A5A8C2DF7495800D003C2 /* XCRemoteSwiftPackageReference "supabase-swift" */ = {
			isa = XCRemoteSwiftPackageReference;
			repositoryURL = "https://github.com/supabase/supabase-swift";
			requirement = {
				kind = upToNextMajorVersion;
				minimumVersion = 2.5.1;
			};
		};
		158A5A9A2DF74A7400D003C2 /* XCRemoteSwiftPackageReference "KeychainAccess" */ = {
			isa = XCRemoteSwiftPackageReference;
			repositoryURL = "https://github.com/kishikawakatsumi/KeychainAccess";
			requirement = {
				branch = master;
				kind = branch;
			};
		};
/* End XCRemoteSwiftPackageReference section */

/* Begin XCSwiftPackageProductDependency section */
		15183DEC2E96EF18001CFCF9 /* CoreGPX */ = {
			isa = XCSwiftPackageProductDependency;
			package = 15183DEB2E96EF18001CFCF9 /* XCRemoteSwiftPackageReference "CoreGPX" */;
			productName = CoreGPX;
		};
		158A5A8D2DF7495800D003C2 /* Auth */ = {
			isa = XCSwiftPackageProductDependency;
			package = 158A5A8C2DF7495800D003C2 /* XCRemoteSwiftPackageReference "supabase-swift" */;
			productName = Auth;
		};
		158A5A8F2DF7495800D003C2 /* Functions */ = {
			isa = XCSwiftPackageProductDependency;
			package = 158A5A8C2DF7495800D003C2 /* XCRemoteSwiftPackageReference "supabase-swift" */;
			productName = Functions;
		};
		158A5A912DF7495800D003C2 /* PostgREST */ = {
			isa = XCSwiftPackageProductDependency;
			package = 158A5A8C2DF7495800D003C2 /* XCRemoteSwiftPackageReference "supabase-swift" */;
			productName = PostgREST;
		};
		158A5A932DF7495800D003C2 /* Realtime */ = {
			isa = XCSwiftPackageProductDependency;
			package = 158A5A8C2DF7495800D003C2 /* XCRemoteSwiftPackageReference "supabase-swift" */;
			productName = Realtime;
		};
		158A5A952DF7495800D003C2 /* Storage */ = {
			isa = XCSwiftPackageProductDependency;
			package = 158A5A8C2DF7495800D003C2 /* XCRemoteSwiftPackageReference "supabase-swift" */;
			productName = Storage;
		};
		158A5A982DF749F000D003C2 /* Supabase */ = {
			isa = XCSwiftPackageProductDependency;
			package = 158A5A8C2DF7495800D003C2 /* XCRemoteSwiftPackageReference "supabase-swift" */;
			productName = Supabase;
		};
		158A5A9B2DF74A7400D003C2 /* KeychainAccess */ = {
			isa = XCSwiftPackageProductDependency;
			package = 158A5A9A2DF74A7400D003C2 /* XCRemoteSwiftPackageReference "KeychainAccess" */;
			productName = KeychainAccess;
		};
/* End XCSwiftPackageProductDependency section */
	};
	rootObject = 15635EAA2DF62DA900DE97E5 /* Project object */;
}
